// !$*UTF8*$!
{
	archiveVersion = 1;
	classes = {
	};
	objectVersion = 56;
	objects = {

/* Begin PBXBuildFile section */
		B910C5F22AF41D3100F2BFDC /* FavouriteAlbumsApp.swift in Sources */ = {isa = PBXBuildFile; fileRef = B910C5F12AF41D3100F2BFDC /* FavouriteAlbumsApp.swift */; };
		B910C5F62AF41D3400F2BFDC /* Assets.xcassets in Resources */ = {isa = PBXBuildFile; fileRef = B910C5F52AF41D3400F2BFDC /* Assets.xcassets */; };
		B910C5F92AF41D3400F2BFDC /* Preview Assets.xcassets in Resources */ = {isa = PBXBuildFile; fileRef = B910C5F82AF41D3400F2BFDC /* Preview Assets.xcassets */; };
		B910C6022AF41D8F00F2BFDC /* AlbumsView.swift in Sources */ = {isa = PBXBuildFile; fileRef = B910C6012AF41D8F00F2BFDC /* AlbumsView.swift */; };
/* End PBXBuildFile section */

/* Begin PBXFileReference section */
		B910C5EE2AF41D3100F2BFDC /* FavouriteAlbums.app */ = {isa = PBXFileReference; explicitFileType = wrapper.application; includeInIndex = 0; path = FavouriteAlbums.app; sourceTree = BUILT_PRODUCTS_DIR; };
		B910C5F12AF41D3100F2BFDC /* FavouriteAlbumsApp.swift */ = {isa = PBXFileReference; lastKnownFileType = sourcecode.swift; path = FavouriteAlbumsApp.swift; sourceTree = "<group>"; };
		B910C5F52AF41D3400F2BFDC /* Assets.xcassets */ = {isa = PBXFileReference; lastKnownFileType = folder.assetcatalog; path = Assets.xcassets; sourceTree = "<group>"; };
		B910C5F82AF41D3400F2BFDC /* Preview Assets.xcassets */ = {isa = PBXFileReference; lastKnownFileType = folder.assetcatalog; path = "Preview Assets.xcassets"; sourceTree = "<group>"; };
		B910C5FA2AF41D3400F2BFDC /* FavouriteAlbums.entitlements */ = {isa = PBXFileReference; lastKnownFileType = text.plist.entitlements; path = FavouriteAlbums.entitlements; sourceTree = "<group>"; };
		B910C6012AF41D8F00F2BFDC /* AlbumsView.swift */ = {isa = PBXFileReference; lastKnownFileType = sourcecode.swift; path = AlbumsView.swift; sourceTree = "<group>"; };
/* End PBXFileReference section */

/* Begin PBXFrameworksBuildPhase section */
		B910C5EB2AF41D3100F2BFDC /* Frameworks */ = {
			isa = PBXFrameworksBuildPhase;
			buildActionMask = 2147483647;
			files = (
			);
			runOnlyForDeploymentPostprocessing = 0;
		};
/* End PBXFrameworksBuildPhase section */

/* Begin PBXGroup section */
		B910C5E52AF41D3100F2BFDC = {
			isa = PBXGroup;
			children = (
				B910C5F02AF41D3100F2BFDC /* FavouriteAlbums */,
				B910C5EF2AF41D3100F2BFDC /* Products */,
			);
			sourceTree = "<group>";
		};
		B910C5EF2AF41D3100F2BFDC /* Products */ = {
			isa = PBXGroup;
			children = (
				B910C5EE2AF41D3100F2BFDC /* FavouriteAlbums.app */,
			);
			name = Products;
			sourceTree = "<group>";
		};
		B910C5F02AF41D3100F2BFDC /* FavouriteAlbums */ = {
			isa = PBXGroup;
			children = (
				B910C5F12AF41D3100F2BFDC /* FavouriteAlbumsApp.swift */,
				B910C6002AF41D3D00F2BFDC /* Views */,
				B910C5F52AF41D3400F2BFDC /* Assets.xcassets */,
				B910C5FA2AF41D3400F2BFDC /* FavouriteAlbums.entitlements */,
				B910C5F72AF41D3400F2BFDC /* Preview Content */,
			);
			path = FavouriteAlbums;
			sourceTree = "<group>";
		};
		B910C5F72AF41D3400F2BFDC /* Preview Content */ = {
			isa = PBXGroup;
			children = (
				B910C5F82AF41D3400F2BFDC /* Preview Assets.xcassets */,
			);
			path = "Preview Content";
			sourceTree = "<group>";
		};
		B910C6002AF41D3D00F2BFDC /* Views */ = {
			isa = PBXGroup;
			children = (
				B910C6012AF41D8F00F2BFDC /* AlbumsView.swift */,
			);
			path = Views;
			sourceTree = "<group>";
		};
/* End PBXGroup section */

/* Begin PBXNativeTarget section */
		B910C5ED2AF41D3100F2BFDC /* FavouriteAlbums */ = {
			isa = PBXNativeTarget;
			buildConfigurationList = B910C5FD2AF41D3400F2BFDC /* Build configuration list for PBXNativeTarget "FavouriteAlbums" */;
			buildPhases = (
				B910C5EA2AF41D3100F2BFDC /* Sources */,
				B910C5EB2AF41D3100F2BFDC /* Frameworks */,
				B910C5EC2AF41D3100F2BFDC /* Resources */,
			);
			buildRules = (
			);
			dependencies = (
			);
			name = FavouriteAlbums;
			productName = FavouriteAlbums;
			productReference = B910C5EE2AF41D3100F2BFDC /* FavouriteAlbums.app */;
			productType = "com.apple.product-type.application";
		};
/* End PBXNativeTarget section */

/* Begin PBXProject section */
		B910C5E62AF41D3100F2BFDC /* Project object */ = {
			isa = PBXProject;
			attributes = {
				BuildIndependentTargetsInParallel = 1;
				LastSwiftUpdateCheck = 1500;
				LastUpgradeCheck = 1500;
				TargetAttributes = {
					B910C5ED2AF41D3100F2BFDC = {
						CreatedOnToolsVersion = 15.0.1;
					};
				};
			};
			buildConfigurationList = B910C5E92AF41D3100F2BFDC /* Build configuration list for PBXProject "FavouriteAlbums" */;
			compatibilityVersion = "Xcode 14.0";
			developmentRegion = en;
			hasScannedForEncodings = 0;
			knownRegions = (
				en,
				Base,
			);
			mainGroup = B910C5E52AF41D3100F2BFDC;
			productRefGroup = B910C5EF2AF41D3100F2BFDC /* Products */;
			projectDirPath = "";
			projectRoot = "";
			targets = (
				B910C5ED2AF41D3100F2BFDC /* FavouriteAlbums */,
			);
		};
/* End PBXProject section */

/* Begin PBXResourcesBuildPhase section */
		B910C5EC2AF41D3100F2BFDC /* Resources */ = {
			isa = PBXResourcesBuildPhase;
			buildActionMask = 2147483647;
			files = (
				B910C5F92AF41D3400F2BFDC /* Preview Assets.xcassets in Resources */,
				B910C5F62AF41D3400F2BFDC /* Assets.xcassets in Resources */,
			);
			runOnlyForDeploymentPostprocessing = 0;
		};
/* End PBXResourcesBuildPhase section */

/* Begin PBXSourcesBuildPhase section */
		B910C5EA2AF41D3100F2BFDC /* Sources */ = {
			isa = PBXSourcesBuildPhase;
			buildActionMask = 2147483647;
			files = (
				B910C6022AF41D8F00F2BFDC /* AlbumsView.swift in Sources */,
				B910C5F22AF41D3100F2BFDC /* FavouriteAlbumsApp.swift in Sources */,
			);
			runOnlyForDeploymentPostprocessing = 0;
		};
/* End PBXSourcesBuildPhase section */

/* Begin XCBuildConfiguration section */
		B910C5FB2AF41D3400F2BFDC /* Debug */ = {
			isa = XCBuildConfiguration;
			buildSettings = {
				ALWAYS_SEARCH_USER_PATHS = NO;
				ASSETCATALOG_COMPILER_GENERATE_SWIFT_ASSET_SYMBOL_EXTENSIONS = YES;
				CLANG_ANALYZER_NONNULL = YES;
				CLANG_ANALYZER_NUMBER_OBJECT_CONVERSION = YES_AGGRESSIVE;
				CLANG_CXX_LANGUAGE_STANDARD = "gnu++20";
				CLANG_ENABLE_MODULES = YES;
				CLANG_ENABLE_OBJC_ARC = YES;
				CLANG_ENABLE_OBJC_WEAK = YES;
				CLANG_WARN_BLOCK_CAPTURE_AUTORELEASING = YES;
				CLANG_WARN_BOOL_CONVERSION = YES;
				CLANG_WARN_COMMA = YES;
				CLANG_WARN_CONSTANT_CONVERSION = YES;
				CLANG_WARN_DEPRECATED_OBJC_IMPLEMENTATIONS = YES;
				CLANG_WARN_DIRECT_OBJC_ISA_USAGE = YES_ERROR;
				CLANG_WARN_DOCUMENTATION_COMMENTS = YES;
				CLANG_WARN_EMPTY_BODY = YES;
				CLANG_WARN_ENUM_CONVERSION = YES;
				CLANG_WARN_INFINITE_RECURSION = YES;
				CLANG_WARN_INT_CONVERSION = YES;
				CLANG_WARN_NON_LITERAL_NULL_CONVERSION = YES;
				CLANG_WARN_OBJC_IMPLICIT_RETAIN_SELF = YES;
				CLANG_WARN_OBJC_LITERAL_CONVERSION = YES;
				CLANG_WARN_OBJC_ROOT_CLASS = YES_ERROR;
				CLANG_WARN_QUOTED_INCLUDE_IN_FRAMEWORK_HEADER = YES;
				CLANG_WARN_RANGE_LOOP_ANALYSIS = YES;
				CLANG_WARN_STRICT_PROTOTYPES = YES;
				CLANG_WARN_SUSPICIOUS_MOVE = YES;
				CLANG_WARN_UNGUARDED_AVAILABILITY = YES_AGGRESSIVE;
				CLANG_WARN_UNREACHABLE_CODE = YES;
				CLANG_WARN__DUPLICATE_METHOD_MATCH = YES;
				COPY_PHASE_STRIP = NO;
				DEBUG_INFORMATION_FORMAT = dwarf;
				ENABLE_STRICT_OBJC_MSGSEND = YES;
				ENABLE_TESTABILITY = YES;
				ENABLE_USER_SCRIPT_SANDBOXING = YES;
				GCC_C_LANGUAGE_STANDARD = gnu17;
				GCC_DYNAMIC_NO_PIC = NO;
				GCC_NO_COMMON_BLOCKS = YES;
				GCC_OPTIMIZATION_LEVEL = 0;
				GCC_PREPROCESSOR_DEFINITIONS = (
					"DEBUG=1",
					"$(inherited)",
				);
				GCC_WARN_64_TO_32_BIT_CONVERSION = YES;
				GCC_WARN_ABOUT_RETURN_TYPE = YES_ERROR;
				GCC_WARN_UNDECLARED_SELECTOR = YES;
				GCC_WARN_UNINITIALIZED_AUTOS = YES_AGGRESSIVE;
				GCC_WARN_UNUSED_FUNCTION = YES;
				GCC_WARN_UNUSED_VARIABLE = YES;
				LOCALIZATION_PREFERS_STRING_CATALOGS = YES;
				MACOSX_DEPLOYMENT_TARGET = 14.0;
				MTL_ENABLE_DEBUG_INFO = INCLUDE_SOURCE;
				MTL_FAST_MATH = YES;
				ONLY_ACTIVE_ARCH = YES;
				SDKROOT = macosx;
				SWIFT_ACTIVE_COMPILATION_CONDITIONS = "DEBUG $(inherited)";
				SWIFT_OPTIMIZATION_LEVEL = "-Onone";
			};
			name = Debug;
		};
		B910C5FC2AF41D3400F2BFDC /* Release */ = {
			isa = XCBuildConfiguration;
			buildSettings = {
				ALWAYS_SEARCH_USER_PATHS = NO;
				ASSETCATALOG_COMPILER_GENERATE_SWIFT_ASSET_SYMBOL_EXTENSIONS = YES;
				CLANG_ANALYZER_NONNULL = YES;
				CLANG_ANALYZER_NUMBER_OBJECT_CONVERSION = YES_AGGRESSIVE;
				CLANG_CXX_LANGUAGE_STANDARD = "gnu++20";
				CLANG_ENABLE_MODULES = YES;
				CLANG_ENABLE_OBJC_ARC = YES;
				CLANG_ENABLE_OBJC_WEAK = YES;
				CLANG_WARN_BLOCK_CAPTURE_AUTORELEASING = YES;
				CLANG_WARN_BOOL_CONVERSION = YES;
				CLANG_WARN_COMMA = YES;
				CLANG_WARN_CONSTANT_CONVERSION = YES;
				CLANG_WARN_DEPRECATED_OBJC_IMPLEMENTATIONS = YES;
				CLANG_WARN_DIRECT_OBJC_ISA_USAGE = YES_ERROR;
				CLANG_WARN_DOCUMENTATION_COMMENTS = YES;
				CLANG_WARN_EMPTY_BODY = YES;
				CLANG_WARN_ENUM_CONVERSION = YES;
				CLANG_WARN_INFINITE_RECURSION = YES;
				CLANG_WARN_INT_CONVERSION = YES;
				CLANG_WARN_NON_LITERAL_NULL_CONVERSION = YES;
				CLANG_WARN_OBJC_IMPLICIT_RETAIN_SELF = YES;
				CLANG_WARN_OBJC_LITERAL_CONVERSION = YES;
				CLANG_WARN_OBJC_ROOT_CLASS = YES_ERROR;
				CLANG_WARN_QUOTED_INCLUDE_IN_FRAMEWORK_HEADER = YES;
				CLANG_WARN_RANGE_LOOP_ANALYSIS = YES;
				CLANG_WARN_STRICT_PROTOTYPES = YES;
				CLANG_WARN_SUSPICIOUS_MOVE = YES;
				CLANG_WARN_UNGUARDED_AVAILABILITY = YES_AGGRESSIVE;
				CLANG_WARN_UNREACHABLE_CODE = YES;
				CLANG_WARN__DUPLICATE_METHOD_MATCH = YES;
				COPY_PHASE_STRIP = NO;
				DEBUG_INFORMATION_FORMAT = "dwarf-with-dsym";
				ENABLE_NS_ASSERTIONS = NO;
				ENABLE_STRICT_OBJC_MSGSEND = YES;
				ENABLE_USER_SCRIPT_SANDBOXING = YES;
				GCC_C_LANGUAGE_STANDARD = gnu17;
				GCC_NO_COMMON_BLOCKS = YES;
				GCC_WARN_64_TO_32_BIT_CONVERSION = YES;
				GCC_WARN_ABOUT_RETURN_TYPE = YES_ERROR;
				GCC_WARN_UNDECLARED_SELECTOR = YES;
				GCC_WARN_UNINITIALIZED_AUTOS = YES_AGGRESSIVE;
				GCC_WARN_UNUSED_FUNCTION = YES;
				GCC_WARN_UNUSED_VARIABLE = YES;
				LOCALIZATION_PREFERS_STRING_CATALOGS = YES;
				MACOSX_DEPLOYMENT_TARGET = 14.0;
				MTL_ENABLE_DEBUG_INFO = NO;
				MTL_FAST_MATH = YES;
				SDKROOT = macosx;
				SWIFT_COMPILATION_MODE = wholemodule;
			};
			name = Release;
		};
		B910C5FE2AF41D3400F2BFDC /* Debug */ = {
			isa = XCBuildConfiguration;
			buildSettings = {
				ASSETCATALOG_COMPILER_APPICON_NAME = AppIcon;
				ASSETCATALOG_COMPILER_GLOBAL_ACCENT_COLOR_NAME = AccentColor;
				CODE_SIGN_ENTITLEMENTS = FavouriteAlbums/FavouriteAlbums.entitlements;
				CODE_SIGN_STYLE = Automatic;
				COMBINE_HIDPI_IMAGES = YES;
				CURRENT_PROJECT_VERSION = 1;
				DEVELOPMENT_ASSET_PATHS = "\"FavouriteAlbums/Preview Content\"";
				DEVELOPMENT_TEAM = 9379N5C4H7;
				ENABLE_HARDENED_RUNTIME = YES;
				ENABLE_PREVIEWS = YES;
				GENERATE_INFOPLIST_FILE = YES;
				INFOPLIST_KEY_NSHumanReadableCopyright = "";
				LD_RUNPATH_SEARCH_PATHS = (
					"$(inherited)",
					"@executable_path/../Frameworks",
				);
				MARKETING_VERSION = 1.0;
				PRODUCT_BUNDLE_IDENTIFIER = ca.huijustin.FavouriteAlbums;
				PRODUCT_NAME = "$(TARGET_NAME)";
				SWIFT_EMIT_LOC_STRINGS = YES;
				SWIFT_VERSION = 5.0;
			};
			name = Debug;
		};
		B910C5FF2AF41D3400F2BFDC /* Release */ = {
			isa = XCBuildConfiguration;
			buildSettings = {
				ASSETCATALOG_COMPILER_APPICON_NAME = AppIcon;
				ASSETCATALOG_COMPILER_GLOBAL_ACCENT_COLOR_NAME = AccentColor;
				CODE_SIGN_ENTITLEMENTS = FavouriteAlbums/FavouriteAlbums.entitlements;
				CODE_SIGN_STYLE = Automatic;
				COMBINE_HIDPI_IMAGES = YES;
				CURRENT_PROJECT_VERSION = 1;
				DEVELOPMENT_ASSET_PATHS = "\"FavouriteAlbums/Preview Content\"";
				DEVELOPMENT_TEAM = 9379N5C4H7;
				ENABLE_HARDENED_RUNTIME = YES;
				ENABLE_PREVIEWS = YES;
				GENERATE_INFOPLIST_FILE = YES;
				INFOPLIST_KEY_NSHumanReadableCopyright = "";
				LD_RUNPATH_SEARCH_PATHS = (
					"$(inherited)",
					"@executable_path/../Frameworks",
				);
				MARKETING_VERSION = 1.0;
				PRODUCT_BUNDLE_IDENTIFIER = ca.huijustin.FavouriteAlbums;
				PRODUCT_NAME = "$(TARGET_NAME)";
				SWIFT_EMIT_LOC_STRINGS = YES;
				SWIFT_VERSION = 5.0;
			};
			name = Release;
		};
/* End XCBuildConfiguration section */

/* Begin XCConfigurationList section */
		B910C5E92AF41D3100F2BFDC /* Build configuration list for PBXProject "FavouriteAlbums" */ = {
			isa = XCConfigurationList;
			buildConfigurations = (
				B910C5FB2AF41D3400F2BFDC /* Debug */,
				B910C5FC2AF41D3400F2BFDC /* Release */,
			);
			defaultConfigurationIsVisible = 0;
			defaultConfigurationName = Release;
		};
		B910C5FD2AF41D3400F2BFDC /* Build configuration list for PBXNativeTarget "FavouriteAlbums" */ = {
			isa = XCConfigurationList;
			buildConfigurations = (
				B910C5FE2AF41D3400F2BFDC /* Debug */,
				B910C5FF2AF41D3400F2BFDC /* Release */,
			);
			defaultConfigurationIsVisible = 0;
			defaultConfigurationName = Release;
		};
/* End XCConfigurationList section */
	};
	rootObject = B910C5E62AF41D3100F2BFDC /* Project object */;
}
